PODS:
  - Alamofire (5.8.0)
  - Flutter (1.0.0)
  - lottie-ios (4.3.1)
  - vcheck_flutter (1.2.9):
    - Flutter
    - VCheckSDK
  - VCheckSDK (1.2.9):
    - Alamofire
    - lottie-ios

DEPENDENCIES:
  - Flutter (from `Flutter`)
  - vcheck_flutter (from `.symlinks/plugins/vcheck_flutter/ios`)

SPEC REPOS:
  trunk:
    - Alamofire
    - lottie-ios
    - VCheckSDK

EXTERNAL SOURCES:
  Flutter:
    :path: Flutter
  vcheck_flutter:
    :path: ".symlinks/plugins/vcheck_flutter/ios"

SPEC CHECKSUMS:
  Alamofire: 0e92e751b3e9e66d7982db43919d01f313b8eb91
  Flutter: f04841e97a9d0b0a8025694d0796dd46242b2854
  lottie-ios: 6279047f1cc31b395e11f1fc24f3dab68cbf0df2
  vcheck_flutter: cbd99ab66dd645c7c71273fc9bf4aeb804d58ca8
  VCheckSDK: f56a28a46d6be025d8ce44d12ebfc9d92430b970

PODFILE CHECKSUM: 775997f741c536251164e3eacf6e34abf2eb7a17

COCOAPODS: 1.12.1
