PODS:
  - Alamofire (5.6.4)
  - Flutter (1.0.0)
  - lottie-ios (4.0.1)
  - vcheck_flutter (1.0.30):
    - Flutter
    - VCheckSDK
  - VCheckSDK (1.0.64):
    - Alamofire
    - lottie-ios

DEPENDENCIES:
  - Flutter (from `Flutter`)
  - vcheck_flutter (from `.symlinks/plugins/vcheck_flutter/ios`)

SPEC REPOS:
  trunk:
    - Alamofire
    - lottie-ios
    - VCheckSDK

EXTERNAL SOURCES:
  Flutter:
    :path: Flutter
  vcheck_flutter:
    :path: ".symlinks/plugins/vcheck_flutter/ios"

SPEC CHECKSUMS:
  Alamofire: 4e95d97098eacb88856099c4fc79b526a299e48c
  Flutter: f04841e97a9d0b0a8025694d0796dd46242b2854
  lottie-ios: 54d22edf55b839f0929cabbfe609c9aa548b1145
  vcheck_flutter: 3ea7bef5aeec0188c9de127db69734cbba6b5c0f
  VCheckSDK: 647268248286f98a97f554f02ee813cb7a2d2e95

PODFILE CHECKSUM: 775997f741c536251164e3eacf6e34abf2eb7a17

COCOAPODS: 1.11.3
