PODS:
  - Alamofire (5.8.1)
  - Flutter (1.0.0)
  - lottie-ios (4.3.4)
  - vcheck_flutter (1.4.2):
    - Flutter
    - VCheckSDK
  - VCheckSDK (1.4.2):
    - Alamofire
    - lottie-ios

DEPENDENCIES:
  - Flutter (from `Flutter`)
  - vcheck_flutter (from `.symlinks/plugins/vcheck_flutter/ios`)

SPEC REPOS:
  trunk:
    - Alamofire
    - lottie-ios
    - VCheckSDK

EXTERNAL SOURCES:
  Flutter:
    :path: Flutter
  vcheck_flutter:
    :path: ".symlinks/plugins/vcheck_flutter/ios"

SPEC CHECKSUMS:
  Alamofire: 3ca42e259043ee0dc5c0cdd76c4bc568b8e42af7
  Flutter: f04841e97a9d0b0a8025694d0796dd46242b2854
  lottie-ios: 3d98679b41fa6fd6aff2352b3953dbd3df8a397e
  vcheck_flutter: 25d24322d84ea5d848c320ae270cf0aad08a299f
  VCheckSDK: dfe897a6f3c564f578d265467f8477d173e5cc8b

PODFILE CHECKSUM: 775997f741c536251164e3eacf6e34abf2eb7a17

COCOAPODS: 1.14.3
